
Microsoft Visual Studio Solution File, Format Version 12.00
# Visual Studio 15
VisualStudioVersion = 15.0.28307.572
MinimumVisualStudioVersion = 10.0.40219.1
Project("{9A19103F-16F7-4668-BE54-9A1E7A4F7556}") = "CoreMVCDemo", "CoreMVCDemo\CoreMVCDemo.csproj", "{966497C0-2ACA-4563-98DE-9FD973F5D1DA}"
EndProject
Project("{FAE04EC0-301F-11D3-BF4B-00C04F79EFBC}") = "CoreMVCClassLibrary", "CoreMVCClassLibrary\CoreMVCClassLibrary.csproj", "{28949252-D7F5-4D9B-A8B7-25F9F0565DA5}"
EndProject
Global
	GlobalSection(SolutionConfigurationPlatforms) = preSolution
		Debug|Any CPU = Debug|Any CPU
		Release|Any CPU = Release|Any CPU
	EndGlobalSection
	GlobalSection(ProjectConfigurationPlatforms) = postSolution
		{966497C0-2ACA-4563-98DE-9FD973F5D1DA}.Debug|Any CPU.ActiveCfg = Debug|Any CPU
		{966497C0-2ACA-4563-98DE-9FD973F5D1DA}.Debug|Any CPU.Build.0 = Debug|Any CPU
		{966497C0-2ACA-4563-98DE-9FD973F5D1DA}.Release|Any CPU.ActiveCfg = Release|Any CPU
		{966497C0-2ACA-4563-98DE-9FD973F5D1DA}.Release|Any CPU.Build.0 = Release|Any CPU
		{28949252-D7F5-4D9B-A8B7-25F9F0565DA5}.Debug|Any CPU.ActiveCfg = Debug|Any CPU
		{28949252-D7F5-4D9B-A8B7-25F9F0565DA5}.Debug|Any CPU.Build.0 = Debug|Any CPU
		{28949252-D7F5-4D9B-A8B7-25F9F0565DA5}.Release|Any CPU.ActiveCfg = Release|Any CPU
		{28949252-D7F5-4D9B-A8B7-25F9F0565DA5}.Release|Any CPU.Build.0 = Release|Any CPU
	EndGlobalSection
	GlobalSection(SolutionProperties) = preSolution
		HideSolutionNode = FALSE
	EndGlobalSection
	GlobalSection(ExtensibilityGlobals) = postSolution
		SolutionGuid = {538B9AD6-DA50-4F1B-A8D3-FCCDCF054FD6}
	EndGlobalSection
EndGlobal
